Microsoft Visual Studio Solution File, Format Version 12.00
# Visual Studio Version 17
VisualStudioVersion = 17.13.35723.152
MinimumVisualStudioVersion = 10.0.40219.1
Project("{FAE04EC0-301F-11D3-BF4B-00C04F79EFBC}") = "WorkerUtilityBot", "WorkerUtilityBot\WorkerUtilityBot.csproj", "{F7ADE248-CBF7-458F-A2BD-1391BF681C6E}"
EndProject
Global
	GlobalSection(SolutionConfigurationPlatforms) = preSolution
		Debug|Any CPU = Debug|Any CPU
		Release|Any CPU = Release|Any CPU
	EndGlobalSection
	GlobalSection(ProjectConfigurationPlatforms) = postSolution
		{F7ADE248-CBF7-458F-A2BD-1391BF681C6E}.Debug|Any CPU.ActiveCfg = Debug|Any CPU
		{F7ADE248-CBF7-458F-A2BD-1391BF681C6E}.Debug|Any CPU.Build.0 = Debug|Any CPU
		{F7ADE248-CBF7-458F-A2BD-1391BF681C6E}.Release|Any CPU.ActiveCfg = Release|Any CPU
		{F7ADE248-CBF7-458F-A2BD-1391BF681C6E}.Release|Any CPU.Build.0 = Release|Any CPU
	EndGlobalSection
	GlobalSection(SolutionProperties) = preSolution
		HideSolutionNode = FALSE
	EndGlobalSection
	GlobalSection(ExtensibilityGlobals) = postSolution
		SolutionGuid = {80CF2985-62A1-46B1-8796-380881892C76}
	EndGlobalSection
EndGlobal
